// !$*UTF8*$!
{
	archiveVersion = 1;
	classes = {
	};
	objectVersion = 56;
	objects = {

/* Begin PBXBuildFile section */
		0B6873502C6DD17700BD6199 /* CatViewModel.swift in Sources */ = {isa = PBXBuildFile; fileRef = 0B68734F2C6DD17700BD6199 /* CatViewModel.swift */; };
		0B6873522C6DD30900BD6199 /* Sink+Extension.swift in Sources */ = {isa = PBXBuildFile; fileRef = 0B6873512C6DD30900BD6199 /* Sink+Extension.swift */; };
		0B737A592C72309500523F17 /* ZoomableScrollView.swift in Sources */ = {isa = PBXBuildFile; fileRef = 0B737A582C72309500523F17 /* ZoomableScrollView.swift */; };
		0B737A5B2C7234D300523F17 /* ActivityView.swift in Sources */ = {isa = PBXBuildFile; fileRef = 0B737A5A2C7234D300523F17 /* ActivityView.swift */; };
		0BC269562C670D3C005CDD0C /* AppDelegate.swift in Sources */ = {isa = PBXBuildFile; fileRef = 0BC269552C670D3C005CDD0C /* AppDelegate.swift */; };
		0BC269582C670D3C005CDD0C /* SceneDelegate.swift in Sources */ = {isa = PBXBuildFile; fileRef = 0BC269572C670D3C005CDD0C /* SceneDelegate.swift */; };
		0BC2695F2C670D3D005CDD0C /* Assets.xcassets in Resources */ = {isa = PBXBuildFile; fileRef = 0BC2695E2C670D3D005CDD0C /* Assets.xcassets */; };
		0BC269622C670D3D005CDD0C /* Base in Resources */ = {isa = PBXBuildFile; fileRef = 0BC269612C670D3D005CDD0C /* Base */; };
		0BC269892C670D80005CDD0C /* BottomTabbarView.swift in Sources */ = {isa = PBXBuildFile; fileRef = 0BC269882C670D80005CDD0C /* BottomTabbarView.swift */; };
		0BC269902C670FB1005CDD0C /* CombineMoya in Frameworks */ = {isa = PBXBuildFile; productRef = 0BC2698F2C670FB1005CDD0C /* CombineMoya */; };
		0BC269922C670FB1005CDD0C /* Moya in Frameworks */ = {isa = PBXBuildFile; productRef = 0BC269912C670FB1005CDD0C /* Moya */; };
		0BC2699B2C6791D1005CDD0C /* CatView.swift in Sources */ = {isa = PBXBuildFile; fileRef = 0BC2699A2C6791D1005CDD0C /* CatView.swift */; };
		0BC2699F2C679338005CDD0C /* NavigationWrapper.swift in Sources */ = {isa = PBXBuildFile; fileRef = 0BC2699E2C679338005CDD0C /* NavigationWrapper.swift */; };
		0BC269A22C6794CF005CDD0C /* View+ForegroundColor+Extension.swift in Sources */ = {isa = PBXBuildFile; fileRef = 0BC269A12C6794CF005CDD0C /* View+ForegroundColor+Extension.swift */; };
		0BC269A72C67A4EE005CDD0C /* CatPictureRouter.swift in Sources */ = {isa = PBXBuildFile; fileRef = 0BC269A62C67A4EE005CDD0C /* CatPictureRouter.swift */; };
		0BC269AB2C67A704005CDD0C /* .gitignore in Resources */ = {isa = PBXBuildFile; fileRef = 0BC269AA2C67A704005CDD0C /* .gitignore */; };
		0BC269AD2C67A7E5005CDD0C /* APIKey.swift in Sources */ = {isa = PBXBuildFile; fileRef = 0BC269AC2C67A7E5005CDD0C /* APIKey.swift */; };
		0BC269AF2C67A813005CDD0C /* PublicAPIKey.swift in Sources */ = {isa = PBXBuildFile; fileRef = 0BC269AE2C67A813005CDD0C /* PublicAPIKey.swift */; };
		0BC269B22C67AA56005CDD0C /* HTTPHeaders.swift in Sources */ = {isa = PBXBuildFile; fileRef = 0BC269B12C67AA56005CDD0C /* HTTPHeaders.swift */; };
		0BC269B52C682B66005CDD0C /* FirebaseAnalyticsWithoutAdIdSupport in Frameworks */ = {isa = PBXBuildFile; productRef = 0BC269B42C682B66005CDD0C /* FirebaseAnalyticsWithoutAdIdSupport */; };
		0BC269B72C682B66005CDD0C /* FirebaseCrashlytics in Frameworks */ = {isa = PBXBuildFile; productRef = 0BC269B62C682B66005CDD0C /* FirebaseCrashlytics */; };
		0BC269B92C682B66005CDD0C /* FirebaseFirestore in Frameworks */ = {isa = PBXBuildFile; productRef = 0BC269B82C682B66005CDD0C /* FirebaseFirestore */; };
		0BC269BB2C682B66005CDD0C /* FirebaseFirestoreCombine-Community in Frameworks */ = {isa = PBXBuildFile; productRef = 0BC269BA2C682B66005CDD0C /* FirebaseFirestoreCombine-Community */; };
		0BC269BD2C682BDE005CDD0C /* GoogleService-Info.plist in Resources */ = {isa = PBXBuildFile; fileRef = 0BC269BC2C682BDD005CDD0C /* GoogleService-Info.plist */; };
		0BC269C32C6894B8005CDD0C /* Kingfisher in Frameworks */ = {isa = PBXBuildFile; productRef = 0BC269C22C6894B8005CDD0C /* Kingfisher */; };
		0BC269C72C689675005CDD0C /* CatImageModel.swift in Sources */ = {isa = PBXBuildFile; fileRef = 0BC269C62C689675005CDD0C /* CatImageModel.swift */; };
		0BC269C92C68B5AD005CDD0C /* CatPictureService.swift in Sources */ = {isa = PBXBuildFile; fileRef = 0BC269C82C68B5AD005CDD0C /* CatPictureService.swift */; };
		0BF21B9D2C6DD41B0059A6A3 /* Viewrito in Frameworks */ = {isa = PBXBuildFile; productRef = 0BF21B9C2C6DD41B0059A6A3 /* Viewrito */; };
		0BF5772E2C70D64A0037CAA2 /* IQKeyboardManagerSwift in Frameworks */ = {isa = PBXBuildFile; productRef = 0BF5772D2C70D64A0037CAA2 /* IQKeyboardManagerSwift */; };
		0BF577312C70D7B50037CAA2 /* CatBreedRouter.swift in Sources */ = {isa = PBXBuildFile; fileRef = 0BF577302C70D7B50037CAA2 /* CatBreedRouter.swift */; };
		0BF577332C70D92F0037CAA2 /* MoyaInterceptor.swift in Sources */ = {isa = PBXBuildFile; fileRef = 0BF577322C70D92F0037CAA2 /* MoyaInterceptor.swift */; };
		0BF577392C70E2790037CAA2 /* SettingView.swift in Sources */ = {isa = PBXBuildFile; fileRef = 0BF577382C70E2790037CAA2 /* SettingView.swift */; };
		0BF5773C2C70E2F60037CAA2 /* SettingViewModel.swift in Sources */ = {isa = PBXBuildFile; fileRef = 0BF5773B2C70E2F60037CAA2 /* SettingViewModel.swift */; };
		0BF5773E2C70E3620037CAA2 /* NavigationLazyView.swift in Sources */ = {isa = PBXBuildFile; fileRef = 0BF5773D2C70E3620037CAA2 /* NavigationLazyView.swift */; };
		0BF577402C70E3B20037CAA2 /* VersionFetchService.swift in Sources */ = {isa = PBXBuildFile; fileRef = 0BF5773F2C70E3B20037CAA2 /* VersionFetchService.swift */; };
		0BF577472C71655A0037CAA2 /* CatDetailView.swift in Sources */ = {isa = PBXBuildFile; fileRef = 0BF577462C71655A0037CAA2 /* CatDetailView.swift */; };
		0BF5774A2C7166CD0037CAA2 /* Realm in Frameworks */ = {isa = PBXBuildFile; productRef = 0BF577492C7166CD0037CAA2 /* Realm */; };
		0BF5774C2C7166CD0037CAA2 /* RealmSwift in Frameworks */ = {isa = PBXBuildFile; productRef = 0BF5774B2C7166CD0037CAA2 /* RealmSwift */; };
		0BF5774F2C7166E70037CAA2 /* SearchHistoryModel.swift in Sources */ = {isa = PBXBuildFile; fileRef = 0BF5774E2C7166E70037CAA2 /* SearchHistoryModel.swift */; };
		0BF577512C7166FE0037CAA2 /* CatBreedModel.swift in Sources */ = {isa = PBXBuildFile; fileRef = 0BF577502C7166FE0037CAA2 /* CatBreedModel.swift */; };
		0BF577542C7187B20037CAA2 /* UICordinator.swift in Sources */ = {isa = PBXBuildFile; fileRef = 0BF577532C7187B20037CAA2 /* UICordinator.swift */; };
		0BF5775A2C71B1AE0037CAA2 /* loadingCat.gif in Resources */ = {isa = PBXBuildFile; fileRef = 0BF577592C71B1AE0037CAA2 /* loadingCat.gif */; };
		0BF5775C2C71B1E70037CAA2 /* LoadingCatView.swift in Sources */ = {isa = PBXBuildFile; fileRef = 0BF5775B2C71B1E70037CAA2 /* LoadingCatView.swift */; };
		0BF5775F2C71B4440037CAA2 /* ImageDownLoaderService.swift in Sources */ = {isa = PBXBuildFile; fileRef = 0BF5775E2C71B4440037CAA2 /* ImageDownLoaderService.swift */; };
		0BF577612C71B4FB0037CAA2 /* ImageDownLoadConfiguration.swift in Sources */ = {isa = PBXBuildFile; fileRef = 0BF577602C71B4FB0037CAA2 /* ImageDownLoadConfiguration.swift */; };
		0BF577632C71B82A0037CAA2 /* CatDetailViewModel.swift in Sources */ = {isa = PBXBuildFile; fileRef = 0BF577622C71B82A0037CAA2 /* CatDetailViewModel.swift */; };
		0BF577662C71BBF60037CAA2 /* AlertToast in Frameworks */ = {isa = PBXBuildFile; productRef = 0BF577652C71BBF60037CAA2 /* AlertToast */; };
		0BF577682C71C0DE0037CAA2 /* WebView.swift in Sources */ = {isa = PBXBuildFile; fileRef = 0BF577672C71C0DE0037CAA2 /* WebView.swift */; };
		0BFD8A922C7062860055B05D /* MoyaLogger.swift in Sources */ = {isa = PBXBuildFile; fileRef = 0BFD8A912C7062860055B05D /* MoyaLogger.swift */; };
		0BFD8A972C70981F0055B05D /* CatImageDTOModel.swift in Sources */ = {isa = PBXBuildFile; fileRef = 0BFD8A962C70981F0055B05D /* CatImageDTOModel.swift */; };
		0BFD8A9C2C7098360055B05D /* DTOProtocol.swift in Sources */ = {isa = PBXBuildFile; fileRef = 0BFD8A9B2C7098360055B05D /* DTOProtocol.swift */; };
		0BFD8A9E2C70CA2C0055B05D /* OffsetObservableScrollView.swift in Sources */ = {isa = PBXBuildFile; fileRef = 0BFD8A9D2C70CA2C0055B05D /* OffsetObservableScrollView.swift */; };
		0BFD8AA62C70D18F0055B05D /* SearchViewModel.swift in Sources */ = {isa = PBXBuildFile; fileRef = 0BFD8AA52C70D18F0055B05D /* SearchViewModel.swift */; };
		0BFD8AA82C70D1BA0055B05D /* SearchView.swift in Sources */ = {isa = PBXBuildFile; fileRef = 0BFD8AA72C70D1BA0055B05D /* SearchView.swift */; };
		0BFD8AAE2C70D3980055B05D /* ImageType.swift in Sources */ = {isa = PBXBuildFile; fileRef = 0BFD8AAD2C70D3980055B05D /* ImageType.swift */; };
/* End PBXBuildFile section */

/* Begin PBXFileReference section */
		0B68734F2C6DD17700BD6199 /* CatViewModel.swift */ = {isa = PBXFileReference; lastKnownFileType = sourcecode.swift; path = CatViewModel.swift; sourceTree = "<group>"; };
		0B6873512C6DD30900BD6199 /* Sink+Extension.swift */ = {isa = PBXFileReference; lastKnownFileType = sourcecode.swift; path = "Sink+Extension.swift"; sourceTree = "<group>"; };
		0B737A582C72309500523F17 /* ZoomableScrollView.swift */ = {isa = PBXFileReference; lastKnownFileType = sourcecode.swift; path = ZoomableScrollView.swift; sourceTree = "<group>"; };
		0B737A5A2C7234D300523F17 /* ActivityView.swift */ = {isa = PBXFileReference; lastKnownFileType = sourcecode.swift; path = ActivityView.swift; sourceTree = "<group>"; };
		0BC269522C670D3C005CDD0C /* CatSlave.app */ = {isa = PBXFileReference; explicitFileType = wrapper.application; includeInIndex = 0; path = CatSlave.app; sourceTree = BUILT_PRODUCTS_DIR; };
		0BC269552C670D3C005CDD0C /* AppDelegate.swift */ = {isa = PBXFileReference; lastKnownFileType = sourcecode.swift; path = AppDelegate.swift; sourceTree = "<group>"; };
		0BC269572C670D3C005CDD0C /* SceneDelegate.swift */ = {isa = PBXFileReference; lastKnownFileType = sourcecode.swift; path = SceneDelegate.swift; sourceTree = "<group>"; };
		0BC2695E2C670D3D005CDD0C /* Assets.xcassets */ = {isa = PBXFileReference; lastKnownFileType = folder.assetcatalog; path = Assets.xcassets; sourceTree = "<group>"; };
		0BC269612C670D3D005CDD0C /* Base */ = {isa = PBXFileReference; lastKnownFileType = file.storyboard; name = Base; path = Base.lproj/LaunchScreen.storyboard; sourceTree = "<group>"; };
		0BC269632C670D3D005CDD0C /* Info.plist */ = {isa = PBXFileReference; lastKnownFileType = text.plist.xml; path = Info.plist; sourceTree = "<group>"; };
		0BC269882C670D80005CDD0C /* BottomTabbarView.swift */ = {isa = PBXFileReference; lastKnownFileType = sourcecode.swift; path = BottomTabbarView.swift; sourceTree = "<group>"; };
		0BC2699A2C6791D1005CDD0C /* CatView.swift */ = {isa = PBXFileReference; lastKnownFileType = sourcecode.swift; path = CatView.swift; sourceTree = "<group>"; };
		0BC2699E2C679338005CDD0C /* NavigationWrapper.swift */ = {isa = PBXFileReference; lastKnownFileType = sourcecode.swift; path = NavigationWrapper.swift; sourceTree = "<group>"; };
		0BC269A12C6794CF005CDD0C /* View+ForegroundColor+Extension.swift */ = {isa = PBXFileReference; lastKnownFileType = sourcecode.swift; path = "View+ForegroundColor+Extension.swift"; sourceTree = "<group>"; };
		0BC269A62C67A4EE005CDD0C /* CatPictureRouter.swift */ = {isa = PBXFileReference; lastKnownFileType = sourcecode.swift; path = CatPictureRouter.swift; sourceTree = "<group>"; };
		0BC269AA2C67A704005CDD0C /* .gitignore */ = {isa = PBXFileReference; lastKnownFileType = text; path = .gitignore; sourceTree = "<group>"; };
		0BC269AC2C67A7E5005CDD0C /* APIKey.swift */ = {isa = PBXFileReference; lastKnownFileType = sourcecode.swift; path = APIKey.swift; sourceTree = "<group>"; };
		0BC269AE2C67A813005CDD0C /* PublicAPIKey.swift */ = {isa = PBXFileReference; lastKnownFileType = sourcecode.swift; path = PublicAPIKey.swift; sourceTree = "<group>"; };
		0BC269B12C67AA56005CDD0C /* HTTPHeaders.swift */ = {isa = PBXFileReference; lastKnownFileType = sourcecode.swift; path = HTTPHeaders.swift; sourceTree = "<group>"; };
		0BC269BC2C682BDD005CDD0C /* GoogleService-Info.plist */ = {isa = PBXFileReference; fileEncoding = 4; lastKnownFileType = text.plist.xml; path = "GoogleService-Info.plist"; sourceTree = "<group>"; };
		0BC269C62C689675005CDD0C /* CatImageModel.swift */ = {isa = PBXFileReference; lastKnownFileType = sourcecode.swift; path = CatImageModel.swift; sourceTree = "<group>"; };
		0BC269C82C68B5AD005CDD0C /* CatPictureService.swift */ = {isa = PBXFileReference; lastKnownFileType = sourcecode.swift; path = CatPictureService.swift; sourceTree = "<group>"; };
		0BF577302C70D7B50037CAA2 /* CatBreedRouter.swift */ = {isa = PBXFileReference; lastKnownFileType = sourcecode.swift; path = CatBreedRouter.swift; sourceTree = "<group>"; };
		0BF577322C70D92F0037CAA2 /* MoyaInterceptor.swift */ = {isa = PBXFileReference; lastKnownFileType = sourcecode.swift; path = MoyaInterceptor.swift; sourceTree = "<group>"; };
		0BF577382C70E2790037CAA2 /* SettingView.swift */ = {isa = PBXFileReference; lastKnownFileType = sourcecode.swift; path = SettingView.swift; sourceTree = "<group>"; };
		0BF5773B2C70E2F60037CAA2 /* SettingViewModel.swift */ = {isa = PBXFileReference; lastKnownFileType = sourcecode.swift; path = SettingViewModel.swift; sourceTree = "<group>"; };
		0BF5773D2C70E3620037CAA2 /* NavigationLazyView.swift */ = {isa = PBXFileReference; lastKnownFileType = sourcecode.swift; path = NavigationLazyView.swift; sourceTree = "<group>"; };
		0BF5773F2C70E3B20037CAA2 /* VersionFetchService.swift */ = {isa = PBXFileReference; lastKnownFileType = sourcecode.swift; path = VersionFetchService.swift; sourceTree = "<group>"; };
		0BF577462C71655A0037CAA2 /* CatDetailView.swift */ = {isa = PBXFileReference; lastKnownFileType = sourcecode.swift; path = CatDetailView.swift; sourceTree = "<group>"; };
		0BF5774E2C7166E70037CAA2 /* SearchHistoryModel.swift */ = {isa = PBXFileReference; lastKnownFileType = sourcecode.swift; path = SearchHistoryModel.swift; sourceTree = "<group>"; };
		0BF577502C7166FE0037CAA2 /* CatBreedModel.swift */ = {isa = PBXFileReference; lastKnownFileType = sourcecode.swift; path = CatBreedModel.swift; sourceTree = "<group>"; };
		0BF577532C7187B20037CAA2 /* UICordinator.swift */ = {isa = PBXFileReference; lastKnownFileType = sourcecode.swift; path = UICordinator.swift; sourceTree = "<group>"; };
		0BF577592C71B1AE0037CAA2 /* loadingCat.gif */ = {isa = PBXFileReference; lastKnownFileType = image.gif; path = loadingCat.gif; sourceTree = "<group>"; };
		0BF5775B2C71B1E70037CAA2 /* LoadingCatView.swift */ = {isa = PBXFileReference; lastKnownFileType = sourcecode.swift; path = LoadingCatView.swift; sourceTree = "<group>"; };
		0BF5775E2C71B4440037CAA2 /* ImageDownLoaderService.swift */ = {isa = PBXFileReference; lastKnownFileType = sourcecode.swift; path = ImageDownLoaderService.swift; sourceTree = "<group>"; };
		0BF577602C71B4FB0037CAA2 /* ImageDownLoadConfiguration.swift */ = {isa = PBXFileReference; lastKnownFileType = sourcecode.swift; path = ImageDownLoadConfiguration.swift; sourceTree = "<group>"; };
		0BF577622C71B82A0037CAA2 /* CatDetailViewModel.swift */ = {isa = PBXFileReference; lastKnownFileType = sourcecode.swift; path = CatDetailViewModel.swift; sourceTree = "<group>"; };
		0BF577672C71C0DE0037CAA2 /* WebView.swift */ = {isa = PBXFileReference; lastKnownFileType = sourcecode.swift; path = WebView.swift; sourceTree = "<group>"; };
		0BF577692C71CA660037CAA2 /* PrivacyInfo.xcprivacy */ = {isa = PBXFileReference; lastKnownFileType = text.xml; path = PrivacyInfo.xcprivacy; sourceTree = "<group>"; };
		0BFD8A912C7062860055B05D /* MoyaLogger.swift */ = {isa = PBXFileReference; lastKnownFileType = sourcecode.swift; path = MoyaLogger.swift; sourceTree = "<group>"; };
		0BFD8A962C70981F0055B05D /* CatImageDTOModel.swift */ = {isa = PBXFileReference; lastKnownFileType = sourcecode.swift; path = CatImageDTOModel.swift; sourceTree = "<group>"; };
		0BFD8A9B2C7098360055B05D /* DTOProtocol.swift */ = {isa = PBXFileReference; lastKnownFileType = sourcecode.swift; path = DTOProtocol.swift; sourceTree = "<group>"; };
		0BFD8A9D2C70CA2C0055B05D /* OffsetObservableScrollView.swift */ = {isa = PBXFileReference; lastKnownFileType = sourcecode.swift; path = OffsetObservableScrollView.swift; sourceTree = "<group>"; };
		0BFD8AA52C70D18F0055B05D /* SearchViewModel.swift */ = {isa = PBXFileReference; lastKnownFileType = sourcecode.swift; path = SearchViewModel.swift; sourceTree = "<group>"; };
		0BFD8AA72C70D1BA0055B05D /* SearchView.swift */ = {isa = PBXFileReference; lastKnownFileType = sourcecode.swift; path = SearchView.swift; sourceTree = "<group>"; };
		0BFD8AAD2C70D3980055B05D /* ImageType.swift */ = {isa = PBXFileReference; lastKnownFileType = sourcecode.swift; path = ImageType.swift; sourceTree = "<group>"; };
/* End PBXFileReference section */

/* Begin PBXFrameworksBuildPhase section */
		0BC2694F2C670D3C005CDD0C /* Frameworks */ = {
			isa = PBXFrameworksBuildPhase;
			buildActionMask = 2147483647;
			files = (
				0BC269902C670FB1005CDD0C /* CombineMoya in Frameworks */,
				0BF21B9D2C6DD41B0059A6A3 /* Viewrito in Frameworks */,
				0BC269B72C682B66005CDD0C /* FirebaseCrashlytics in Frameworks */,
				0BC269922C670FB1005CDD0C /* Moya in Frameworks */,
				0BF5774A2C7166CD0037CAA2 /* Realm in Frameworks */,
				0BC269C32C6894B8005CDD0C /* Kingfisher in Frameworks */,
				0BF5772E2C70D64A0037CAA2 /* IQKeyboardManagerSwift in Frameworks */,
				0BC269B52C682B66005CDD0C /* FirebaseAnalyticsWithoutAdIdSupport in Frameworks */,
				0BF5774C2C7166CD0037CAA2 /* RealmSwift in Frameworks */,
				0BF577662C71BBF60037CAA2 /* AlertToast in Frameworks */,
				0BC269B92C682B66005CDD0C /* FirebaseFirestore in Frameworks */,
				0BC269BB2C682B66005CDD0C /* FirebaseFirestoreCombine-Community in Frameworks */,
			);
			runOnlyForDeploymentPostprocessing = 0;
		};
/* End PBXFrameworksBuildPhase section */

/* Begin PBXGroup section */
		0B68734E2C6DD13300BD6199 /* ViewModel */ = {
			isa = PBXGroup;
			children = (
				0B68734F2C6DD17700BD6199 /* CatViewModel.swift */,
			);
			path = ViewModel;
			sourceTree = "<group>";
		};
		0BC269492C670D3C005CDD0C = {
			isa = PBXGroup;
			children = (
				0BC269AA2C67A704005CDD0C /* .gitignore */,
				0BC269542C670D3C005CDD0C /* CatSlave */,
				0BC269532C670D3C005CDD0C /* Products */,
			);
			sourceTree = "<group>";
		};
		0BC269532C670D3C005CDD0C /* Products */ = {
			isa = PBXGroup;
			children = (
				0BC269522C670D3C005CDD0C /* CatSlave.app */,
			);
			name = Products;
			sourceTree = "<group>";
		};
		0BC269542C670D3C005CDD0C /* CatSlave */ = {
			isa = PBXGroup;
			children = (
				0BF577572C71B1950037CAA2 /* Asset */,
				0BC269C42C68966B005CDD0C /* Model */,
				0BC269982C671085005CDD0C /* Utility */,
				0BC269972C67107E005CDD0C /* Service */,
				0BC269862C670D74005CDD0C /* Scene */,
				0BC269552C670D3C005CDD0C /* AppDelegate.swift */,
				0BC269572C670D3C005CDD0C /* SceneDelegate.swift */,
				0BC2695E2C670D3D005CDD0C /* Assets.xcassets */,
				0BC269602C670D3D005CDD0C /* LaunchScreen.storyboard */,
				0BC269BC2C682BDD005CDD0C /* GoogleService-Info.plist */,
				0BC269632C670D3D005CDD0C /* Info.plist */,
				0BF577692C71CA660037CAA2 /* PrivacyInfo.xcprivacy */,
			);
			path = CatSlave;
			sourceTree = "<group>";
		};
		0BC269862C670D74005CDD0C /* Scene */ = {
			isa = PBXGroup;
			children = (
				0BF577432C7165410037CAA2 /* CatDetailView */,
				0BF577362C70E26E0037CAA2 /* SettingView */,
				0BFD8AA22C70D17A0055B05D /* SearchView */,
				0BC2699D2C67932B005CDD0C /* Components */,
				0BC2698A2C670F2C005CDD0C /* CatView */,
				0BC269872C670D76005CDD0C /* TabbarView */,
			);
			path = Scene;
			sourceTree = "<group>";
		};
		0BC269872C670D76005CDD0C /* TabbarView */ = {
			isa = PBXGroup;
			children = (
				0BC269882C670D80005CDD0C /* BottomTabbarView.swift */,
			);
			path = TabbarView;
			sourceTree = "<group>";
		};
		0BC2698A2C670F2C005CDD0C /* CatView */ = {
			isa = PBXGroup;
			children = (
				0BF577522C7187AA0037CAA2 /* Cordinator */,
				0B68734E2C6DD13300BD6199 /* ViewModel */,
				0BC269942C671026005CDD0C /* View */,
			);
			path = CatView;
			sourceTree = "<group>";
		};
		0BC269942C671026005CDD0C /* View */ = {
			isa = PBXGroup;
			children = (
				0BC2699A2C6791D1005CDD0C /* CatView.swift */,
			);
			path = View;
			sourceTree = "<group>";
		};
		0BC269972C67107E005CDD0C /* Service */ = {
			isa = PBXGroup;
			children = (
				0BF5775D2C71B4360037CAA2 /* ImageDownLoader */,
				0BF577422C70E3ED0037CAA2 /* Version */,
				0BF577412C70E3E70037CAA2 /* API */,
			);
			path = Service;
			sourceTree = "<group>";
		};
		0BC269982C671085005CDD0C /* Utility */ = {
			isa = PBXGroup;
			children = (
				0BFD8AAC2C70D3910055B05D /* Enum */,
				0BFD8A9A2C70982E0055B05D /* Protocol */,
				0BC269A02C6794AF005CDD0C /* Extension */,
			);
			path = Utility;
			sourceTree = "<group>";
		};
		0BC2699D2C67932B005CDD0C /* Components */ = {
			isa = PBXGroup;
			children = (
				0BC2699E2C679338005CDD0C /* NavigationWrapper.swift */,
				0BFD8A9D2C70CA2C0055B05D /* OffsetObservableScrollView.swift */,
				0BF5773D2C70E3620037CAA2 /* NavigationLazyView.swift */,
				0BF5775B2C71B1E70037CAA2 /* LoadingCatView.swift */,
				0BF577672C71C0DE0037CAA2 /* WebView.swift */,
				0B737A582C72309500523F17 /* ZoomableScrollView.swift */,
				0B737A5A2C7234D300523F17 /* ActivityView.swift */,
			);
			path = Components;
			sourceTree = "<group>";
		};
		0BC269A02C6794AF005CDD0C /* Extension */ = {
			isa = PBXGroup;
			children = (
				0BC269A12C6794CF005CDD0C /* View+ForegroundColor+Extension.swift */,
				0B6873512C6DD30900BD6199 /* Sink+Extension.swift */,
			);
			path = Extension;
			sourceTree = "<group>";
		};
		0BC269A42C67A4D7005CDD0C /* CatPictureFetchService */ = {
			isa = PBXGroup;
			children = (
				0BC269A62C67A4EE005CDD0C /* CatPictureRouter.swift */,
				0BC269C82C68B5AD005CDD0C /* CatPictureService.swift */,
			);
			path = CatPictureFetchService;
			sourceTree = "<group>";
		};
		0BC269A82C67A6EC005CDD0C /* APIKey */ = {
			isa = PBXGroup;
			children = (
				0BF5772F2C70D7A00037CAA2 /* CatBreedFetchService */,
				0BC269AC2C67A7E5005CDD0C /* APIKey.swift */,
				0BC269AE2C67A813005CDD0C /* PublicAPIKey.swift */,
			);
			path = APIKey;
			sourceTree = "<group>";
		};
		0BC269B02C67AA47005CDD0C /* HTTPHeaders */ = {
			isa = PBXGroup;
			children = (
				0BC269B12C67AA56005CDD0C /* HTTPHeaders.swift */,
			);
			path = HTTPHeaders;
			sourceTree = "<group>";
		};
		0BC269C42C68966B005CDD0C /* Model */ = {
			isa = PBXGroup;
			children = (
				0BF5774D2C7166D70037CAA2 /* RealmModel */,
				0BFD8A942C7098040055B05D /* DecodableModel */,
				0BFD8A932C7097FB0055B05D /* DTOModel */,
			);
			path = Model;
			sourceTree = "<group>";
		};
		0BC269C52C68966E005CDD0C /* Cat */ = {
			isa = PBXGroup;
			children = (
				0BC269C62C689675005CDD0C /* CatImageModel.swift */,
			);
			path = Cat;
			sourceTree = "<group>";
		};
		0BF5772F2C70D7A00037CAA2 /* CatBreedFetchService */ = {
			isa = PBXGroup;
			children = (
				0BF577302C70D7B50037CAA2 /* CatBreedRouter.swift */,
			);
			path = CatBreedFetchService;
			sourceTree = "<group>";
		};
		0BF577362C70E26E0037CAA2 /* SettingView */ = {
			isa = PBXGroup;
			children = (
				0BF5773A2C70E2E60037CAA2 /* ViewModel */,
				0BF577372C70E2730037CAA2 /* View */,
			);
			path = SettingView;
			sourceTree = "<group>";
		};
		0BF577372C70E2730037CAA2 /* View */ = {
			isa = PBXGroup;
			children = (
				0BF577382C70E2790037CAA2 /* SettingView.swift */,
			);
			path = View;
			sourceTree = "<group>";
		};
		0BF5773A2C70E2E60037CAA2 /* ViewModel */ = {
			isa = PBXGroup;
			children = (
				0BF5773B2C70E2F60037CAA2 /* SettingViewModel.swift */,
			);
			path = ViewModel;
			sourceTree = "<group>";
		};
		0BF577412C70E3E70037CAA2 /* API */ = {
			isa = PBXGroup;
			children = (
				0BFD8A902C70627C0055B05D /* MoyaPlugin */,
				0BC269B02C67AA47005CDD0C /* HTTPHeaders */,
				0BC269A82C67A6EC005CDD0C /* APIKey */,
				0BC269A42C67A4D7005CDD0C /* CatPictureFetchService */,
			);
			path = API;
			sourceTree = "<group>";
		};
		0BF577422C70E3ED0037CAA2 /* Version */ = {
			isa = PBXGroup;
			children = (
				0BF5773F2C70E3B20037CAA2 /* VersionFetchService.swift */,
			);
			path = Version;
			sourceTree = "<group>";
		};
		0BF577432C7165410037CAA2 /* CatDetailView */ = {
			isa = PBXGroup;
			children = (
				0BF577452C71654C0037CAA2 /* ViewModel */,
				0BF577442C71654A0037CAA2 /* View */,
			);
			path = CatDetailView;
			sourceTree = "<group>";
		};
		0BF577442C71654A0037CAA2 /* View */ = {
			isa = PBXGroup;
			children = (
				0BF577462C71655A0037CAA2 /* CatDetailView.swift */,
			);
			path = View;
			sourceTree = "<group>";
		};
		0BF577452C71654C0037CAA2 /* ViewModel */ = {
			isa = PBXGroup;
			children = (
				0BF577622C71B82A0037CAA2 /* CatDetailViewModel.swift */,
			);
			path = ViewModel;
			sourceTree = "<group>";
		};
		0BF5774D2C7166D70037CAA2 /* RealmModel */ = {
			isa = PBXGroup;
			children = (
				0BF5774E2C7166E70037CAA2 /* SearchHistoryModel.swift */,
				0BF577502C7166FE0037CAA2 /* CatBreedModel.swift */,
			);
			path = RealmModel;
			sourceTree = "<group>";
		};
		0BF577522C7187AA0037CAA2 /* Cordinator */ = {
			isa = PBXGroup;
			children = (
				0BF577532C7187B20037CAA2 /* UICordinator.swift */,
			);
			path = Cordinator;
			sourceTree = "<group>";
		};
		0BF577572C71B1950037CAA2 /* Asset */ = {
			isa = PBXGroup;
			children = (
				0BF577582C71B1970037CAA2 /* Gif */,
			);
			path = Asset;
			sourceTree = "<group>";
		};
		0BF577582C71B1970037CAA2 /* Gif */ = {
			isa = PBXGroup;
			children = (
				0BF577592C71B1AE0037CAA2 /* loadingCat.gif */,
			);
			path = Gif;
			sourceTree = "<group>";
		};
		0BF5775D2C71B4360037CAA2 /* ImageDownLoader */ = {
			isa = PBXGroup;
			children = (
				0BF5775E2C71B4440037CAA2 /* ImageDownLoaderService.swift */,
				0BF577602C71B4FB0037CAA2 /* ImageDownLoadConfiguration.swift */,
			);
			path = ImageDownLoader;
			sourceTree = "<group>";
		};
		0BFD8A902C70627C0055B05D /* MoyaPlugin */ = {
			isa = PBXGroup;
			children = (
				0BFD8A912C7062860055B05D /* MoyaLogger.swift */,
				0BF577322C70D92F0037CAA2 /* MoyaInterceptor.swift */,
			);
			path = MoyaPlugin;
			sourceTree = "<group>";
		};
		0BFD8A932C7097FB0055B05D /* DTOModel */ = {
			isa = PBXGroup;
			children = (
				0BFD8A952C7098160055B05D /* Cat */,
			);
			path = DTOModel;
			sourceTree = "<group>";
		};
		0BFD8A942C7098040055B05D /* DecodableModel */ = {
			isa = PBXGroup;
			children = (
				0BC269C52C68966E005CDD0C /* Cat */,
			);
			path = DecodableModel;
			sourceTree = "<group>";
		};
		0BFD8A952C7098160055B05D /* Cat */ = {
			isa = PBXGroup;
			children = (
				0BFD8A962C70981F0055B05D /* CatImageDTOModel.swift */,
			);
			path = Cat;
			sourceTree = "<group>";
		};
		0BFD8A9A2C70982E0055B05D /* Protocol */ = {
			isa = PBXGroup;
			children = (
				0BFD8A9B2C7098360055B05D /* DTOProtocol.swift */,
			);
			path = Protocol;
			sourceTree = "<group>";
		};
		0BFD8AA22C70D17A0055B05D /* SearchView */ = {
			isa = PBXGroup;
			children = (
				0BFD8AA42C70D1840055B05D /* ViewModel */,
				0BFD8AA32C70D1810055B05D /* View */,
			);
			path = SearchView;
			sourceTree = "<group>";
		};
		0BFD8AA32C70D1810055B05D /* View */ = {
			isa = PBXGroup;
			children = (
				0BFD8AA72C70D1BA0055B05D /* SearchView.swift */,
			);
			path = View;
			sourceTree = "<group>";
		};
		0BFD8AA42C70D1840055B05D /* ViewModel */ = {
			isa = PBXGroup;
			children = (
				0BFD8AA52C70D18F0055B05D /* SearchViewModel.swift */,
			);
			path = ViewModel;
			sourceTree = "<group>";
		};
		0BFD8AAC2C70D3910055B05D /* Enum */ = {
			isa = PBXGroup;
			children = (
				0BFD8AAD2C70D3980055B05D /* ImageType.swift */,
			);
			path = Enum;
			sourceTree = "<group>";
		};
/* End PBXGroup section */

/* Begin PBXNativeTarget section */
		0BC269512C670D3C005CDD0C /* CatSlave */ = {
			isa = PBXNativeTarget;
			buildConfigurationList = 0BC2697C2C670D3D005CDD0C /* Build configuration list for PBXNativeTarget "CatSlave" */;
			buildPhases = (
				0BC2694E2C670D3C005CDD0C /* Sources */,
				0BC2694F2C670D3C005CDD0C /* Frameworks */,
				0BC269502C670D3C005CDD0C /* Resources */,
				0BC269BE2C682DB0005CDD0C /* FirebaseCrashlytics */,
			);
			buildRules = (
			);
			dependencies = (
			);
			name = CatSlave;
			packageProductDependencies = (
				0BC2698F2C670FB1005CDD0C /* CombineMoya */,
				0BC269912C670FB1005CDD0C /* Moya */,
				0BC269B42C682B66005CDD0C /* FirebaseAnalyticsWithoutAdIdSupport */,
				0BC269B62C682B66005CDD0C /* FirebaseCrashlytics */,
				0BC269B82C682B66005CDD0C /* FirebaseFirestore */,
				0BC269BA2C682B66005CDD0C /* FirebaseFirestoreCombine-Community */,
				0BC269C22C6894B8005CDD0C /* Kingfisher */,
				0BF21B9C2C6DD41B0059A6A3 /* Viewrito */,
				0BF5772D2C70D64A0037CAA2 /* IQKeyboardManagerSwift */,
				0BF577492C7166CD0037CAA2 /* Realm */,
				0BF5774B2C7166CD0037CAA2 /* RealmSwift */,
				0BF577652C71BBF60037CAA2 /* AlertToast */,
			);
			productName = CatSlave;
			productReference = 0BC269522C670D3C005CDD0C /* CatSlave.app */;
			productType = "com.apple.product-type.application";
		};
/* End PBXNativeTarget section */

/* Begin PBXProject section */
		0BC2694A2C670D3C005CDD0C /* Project object */ = {
			isa = PBXProject;
			attributes = {
				BuildIndependentTargetsInParallel = 1;
				LastSwiftUpdateCheck = 1530;
				LastUpgradeCheck = 1530;
				TargetAttributes = {
					0BC269512C670D3C005CDD0C = {
						CreatedOnToolsVersion = 15.3;
					};
				};
			};
			buildConfigurationList = 0BC2694D2C670D3C005CDD0C /* Build configuration list for PBXProject "CatSlave" */;
			compatibilityVersion = "Xcode 14.0";
			developmentRegion = en;
			hasScannedForEncodings = 0;
			knownRegions = (
				en,
				Base,
			);
			mainGroup = 0BC269492C670D3C005CDD0C;
			packageReferences = (
				0BC2698E2C670FB1005CDD0C /* XCRemoteSwiftPackageReference "Moya" */,
				0BC269B32C682B66005CDD0C /* XCRemoteSwiftPackageReference "firebase-ios-sdk" */,
				0BC269C12C6894B8005CDD0C /* XCRemoteSwiftPackageReference "Kingfisher" */,
				0BF21B9B2C6DD41B0059A6A3 /* XCRemoteSwiftPackageReference "Viewrito" */,
				0BF5772C2C70D64A0037CAA2 /* XCRemoteSwiftPackageReference "IQKeyboardManager" */,
				0BF577482C7166CD0037CAA2 /* XCRemoteSwiftPackageReference "realm-swift" */,
				0BF577642C71BBF60037CAA2 /* XCRemoteSwiftPackageReference "AlertToast" */,
			);
			productRefGroup = 0BC269532C670D3C005CDD0C /* Products */;
			projectDirPath = "";
			projectRoot = "";
			targets = (
				0BC269512C670D3C005CDD0C /* CatSlave */,
			);
		};
/* End PBXProject section */

/* Begin PBXResourcesBuildPhase section */
		0BC269502C670D3C005CDD0C /* Resources */ = {
			isa = PBXResourcesBuildPhase;
			buildActionMask = 2147483647;
			files = (
				0BC2695F2C670D3D005CDD0C /* Assets.xcassets in Resources */,
				0BC269BD2C682BDE005CDD0C /* GoogleService-Info.plist in Resources */,
				0BC269AB2C67A704005CDD0C /* .gitignore in Resources */,
				0BF5775A2C71B1AE0037CAA2 /* loadingCat.gif in Resources */,
				0BC269622C670D3D005CDD0C /* Base in Resources */,
			);
			runOnlyForDeploymentPostprocessing = 0;
		};
/* End PBXResourcesBuildPhase section */

/* Begin PBXShellScriptBuildPhase section */
		0BC269BE2C682DB0005CDD0C /* FirebaseCrashlytics */ = {
			isa = PBXShellScriptBuildPhase;
			buildActionMask = 2147483647;
			files = (
			);
			inputFileListPaths = (
			);
			inputPaths = (
				"${DWARF_DSYM_FOLDER_PATH}/${DWARF_DSYM_FILE_NAME}",
				"${DWARF_DSYM_FOLDER_PATH}/${DWARF_DSYM_FILE_NAME}/Contents/Resources/DWARF/${PRODUCT_NAME}",
				"${DWARF_DSYM_FOLDER_PATH}/${DWARF_DSYM_FILE_NAME}/Contents/Info.plist",
				"$(TARGET_BUILD_DIR)/$(UNLOCALIZED_RESOURCES_FOLDER_PATH)/GoogleService-Info.plist",
				"$(TARGET_BUILD_DIR)/$(EXECUTABLE_PATH)",
			);
			name = FirebaseCrashlytics;
			outputFileListPaths = (
			);
			outputPaths = (
				"${BUILT_PRODUCTS_DIR}/${PRODUCT_NAME}.dSYM",
			);
			runOnlyForDeploymentPostprocessing = 0;
			shellPath = /bin/sh;
			shellScript = "\"${BUILD_DIR%/Build/*}/SourcePackages/checkouts/firebase-ios-sdk/Crashlytics/run\"\n";
		};
/* End PBXShellScriptBuildPhase section */

/* Begin PBXSourcesBuildPhase section */
		0BC2694E2C670D3C005CDD0C /* Sources */ = {
			isa = PBXSourcesBuildPhase;
			buildActionMask = 2147483647;
			files = (
				0BF5775C2C71B1E70037CAA2 /* LoadingCatView.swift in Sources */,
				0BFD8AA82C70D1BA0055B05D /* SearchView.swift in Sources */,
				0BC269892C670D80005CDD0C /* BottomTabbarView.swift in Sources */,
				0B6873502C6DD17700BD6199 /* CatViewModel.swift in Sources */,
				0BC269C72C689675005CDD0C /* CatImageModel.swift in Sources */,
				0BFD8AAE2C70D3980055B05D /* ImageType.swift in Sources */,
				0BF5773C2C70E2F60037CAA2 /* SettingViewModel.swift in Sources */,
				0BFD8A9C2C7098360055B05D /* DTOProtocol.swift in Sources */,
				0BFD8AA62C70D18F0055B05D /* SearchViewModel.swift in Sources */,
				0BF577632C71B82A0037CAA2 /* CatDetailViewModel.swift in Sources */,
				0BF577332C70D92F0037CAA2 /* MoyaInterceptor.swift in Sources */,
				0BC269562C670D3C005CDD0C /* AppDelegate.swift in Sources */,
				0BFD8A972C70981F0055B05D /* CatImageDTOModel.swift in Sources */,
				0BFD8A9E2C70CA2C0055B05D /* OffsetObservableScrollView.swift in Sources */,
				0BF577472C71655A0037CAA2 /* CatDetailView.swift in Sources */,
				0BF577512C7166FE0037CAA2 /* CatBreedModel.swift in Sources */,
				0BF577312C70D7B50037CAA2 /* CatBreedRouter.swift in Sources */,
				0B6873522C6DD30900BD6199 /* Sink+Extension.swift in Sources */,
				0BF577542C7187B20037CAA2 /* UICordinator.swift in Sources */,
				0BC269A72C67A4EE005CDD0C /* CatPictureRouter.swift in Sources */,
				0BC2699F2C679338005CDD0C /* NavigationWrapper.swift in Sources */,
				0BF5773E2C70E3620037CAA2 /* NavigationLazyView.swift in Sources */,
				0BC269582C670D3C005CDD0C /* SceneDelegate.swift in Sources */,
				0BFD8A922C7062860055B05D /* MoyaLogger.swift in Sources */,
				0BC2699B2C6791D1005CDD0C /* CatView.swift in Sources */,
				0BC269AF2C67A813005CDD0C /* PublicAPIKey.swift in Sources */,
				0BF5775F2C71B4440037CAA2 /* ImageDownLoaderService.swift in Sources */,
				0BC269AD2C67A7E5005CDD0C /* APIKey.swift in Sources */,
				0BF5774F2C7166E70037CAA2 /* SearchHistoryModel.swift in Sources */,
				0BF577402C70E3B20037CAA2 /* VersionFetchService.swift in Sources */,
				0BC269A22C6794CF005CDD0C /* View+ForegroundColor+Extension.swift in Sources */,
				0B737A5B2C7234D300523F17 /* ActivityView.swift in Sources */,
				0BF577392C70E2790037CAA2 /* SettingView.swift in Sources */,
				0B737A592C72309500523F17 /* ZoomableScrollView.swift in Sources */,
				0BC269B22C67AA56005CDD0C /* HTTPHeaders.swift in Sources */,
				0BF577682C71C0DE0037CAA2 /* WebView.swift in Sources */,
				0BF577612C71B4FB0037CAA2 /* ImageDownLoadConfiguration.swift in Sources */,
				0BC269C92C68B5AD005CDD0C /* CatPictureService.swift in Sources */,
			);
			runOnlyForDeploymentPostprocessing = 0;
		};
/* End PBXSourcesBuildPhase section */

/* Begin PBXVariantGroup section */
		0BC269602C670D3D005CDD0C /* LaunchScreen.storyboard */ = {
			isa = PBXVariantGroup;
			children = (
				0BC269612C670D3D005CDD0C /* Base */,
			);
			name = LaunchScreen.storyboard;
			sourceTree = "<group>";
		};
/* End PBXVariantGroup section */

/* Begin XCBuildConfiguration section */
		0BC2697A2C670D3D005CDD0C /* Debug */ = {
			isa = XCBuildConfiguration;
			buildSettings = {
				ALWAYS_SEARCH_USER_PATHS = NO;
				ASSETCATALOG_COMPILER_GENERATE_SWIFT_ASSET_SYMBOL_EXTENSIONS = YES;
				CLANG_ANALYZER_NONNULL = YES;
				CLANG_ANALYZER_NUMBER_OBJECT_CONVERSION = YES_AGGRESSIVE;
				CLANG_CXX_LANGUAGE_STANDARD = "gnu++20";
				CLANG_ENABLE_MODULES = YES;
				CLANG_ENABLE_OBJC_ARC = YES;
				CLANG_ENABLE_OBJC_WEAK = YES;
				CLANG_WARN_BLOCK_CAPTURE_AUTORELEASING = YES;
				CLANG_WARN_BOOL_CONVERSION = YES;
				CLANG_WARN_COMMA = YES;
				CLANG_WARN_CONSTANT_CONVERSION = YES;
				CLANG_WARN_DEPRECATED_OBJC_IMPLEMENTATIONS = YES;
				CLANG_WARN_DIRECT_OBJC_ISA_USAGE = YES_ERROR;
				CLANG_WARN_DOCUMENTATION_COMMENTS = YES;
				CLANG_WARN_EMPTY_BODY = YES;
				CLANG_WARN_ENUM_CONVERSION = YES;
				CLANG_WARN_INFINITE_RECURSION = YES;
				CLANG_WARN_INT_CONVERSION = YES;
				CLANG_WARN_NON_LITERAL_NULL_CONVERSION = YES;
				CLANG_WARN_OBJC_IMPLICIT_RETAIN_SELF = YES;
				CLANG_WARN_OBJC_LITERAL_CONVERSION = YES;
				CLANG_WARN_OBJC_ROOT_CLASS = YES_ERROR;
				CLANG_WARN_QUOTED_INCLUDE_IN_FRAMEWORK_HEADER = YES;
				CLANG_WARN_RANGE_LOOP_ANALYSIS = YES;
				CLANG_WARN_STRICT_PROTOTYPES = YES;
				CLANG_WARN_SUSPICIOUS_MOVE = YES;
				CLANG_WARN_UNGUARDED_AVAILABILITY = YES_AGGRESSIVE;
				CLANG_WARN_UNREACHABLE_CODE = YES;
				CLANG_WARN__DUPLICATE_METHOD_MATCH = YES;
				COPY_PHASE_STRIP = NO;
				DEBUG_INFORMATION_FORMAT = dwarf;
				ENABLE_STRICT_OBJC_MSGSEND = YES;
				ENABLE_TESTABILITY = YES;
				ENABLE_USER_SCRIPT_SANDBOXING = YES;
				GCC_C_LANGUAGE_STANDARD = gnu17;
				GCC_DYNAMIC_NO_PIC = NO;
				GCC_NO_COMMON_BLOCKS = YES;
				GCC_OPTIMIZATION_LEVEL = 0;
				GCC_PREPROCESSOR_DEFINITIONS = (
					"DEBUG=1",
					"$(inherited)",
				);
				GCC_WARN_64_TO_32_BIT_CONVERSION = YES;
				GCC_WARN_ABOUT_RETURN_TYPE = YES_ERROR;
				GCC_WARN_UNDECLARED_SELECTOR = YES;
				GCC_WARN_UNINITIALIZED_AUTOS = YES_AGGRESSIVE;
				GCC_WARN_UNUSED_FUNCTION = YES;
				GCC_WARN_UNUSED_VARIABLE = YES;
				IPHONEOS_DEPLOYMENT_TARGET = 17.4;
				LOCALIZATION_PREFERS_STRING_CATALOGS = YES;
				MTL_ENABLE_DEBUG_INFO = INCLUDE_SOURCE;
				MTL_FAST_MATH = YES;
				ONLY_ACTIVE_ARCH = YES;
				SDKROOT = iphoneos;
				SWIFT_ACTIVE_COMPILATION_CONDITIONS = "DEBUG $(inherited)";
				SWIFT_OPTIMIZATION_LEVEL = "-Onone";
			};
			name = Debug;
		};
		0BC2697B2C670D3D005CDD0C /* Release */ = {
			isa = XCBuildConfiguration;
			buildSettings = {
				ALWAYS_SEARCH_USER_PATHS = NO;
				ASSETCATALOG_COMPILER_GENERATE_SWIFT_ASSET_SYMBOL_EXTENSIONS = YES;
				CLANG_ANALYZER_NONNULL = YES;
				CLANG_ANALYZER_NUMBER_OBJECT_CONVERSION = YES_AGGRESSIVE;
				CLANG_CXX_LANGUAGE_STANDARD = "gnu++20";
				CLANG_ENABLE_MODULES = YES;
				CLANG_ENABLE_OBJC_ARC = YES;
				CLANG_ENABLE_OBJC_WEAK = YES;
				CLANG_WARN_BLOCK_CAPTURE_AUTORELEASING = YES;
				CLANG_WARN_BOOL_CONVERSION = YES;
				CLANG_WARN_COMMA = YES;
				CLANG_WARN_CONSTANT_CONVERSION = YES;
				CLANG_WARN_DEPRECATED_OBJC_IMPLEMENTATIONS = YES;
				CLANG_WARN_DIRECT_OBJC_ISA_USAGE = YES_ERROR;
				CLANG_WARN_DOCUMENTATION_COMMENTS = YES;
				CLANG_WARN_EMPTY_BODY = YES;
				CLANG_WARN_ENUM_CONVERSION = YES;
				CLANG_WARN_INFINITE_RECURSION = YES;
				CLANG_WARN_INT_CONVERSION = YES;
				CLANG_WARN_NON_LITERAL_NULL_CONVERSION = YES;
				CLANG_WARN_OBJC_IMPLICIT_RETAIN_SELF = YES;
				CLANG_WARN_OBJC_LITERAL_CONVERSION = YES;
				CLANG_WARN_OBJC_ROOT_CLASS = YES_ERROR;
				CLANG_WARN_QUOTED_INCLUDE_IN_FRAMEWORK_HEADER = YES;
				CLANG_WARN_RANGE_LOOP_ANALYSIS = YES;
				CLANG_WARN_STRICT_PROTOTYPES = YES;
				CLANG_WARN_SUSPICIOUS_MOVE = YES;
				CLANG_WARN_UNGUARDED_AVAILABILITY = YES_AGGRESSIVE;
				CLANG_WARN_UNREACHABLE_CODE = YES;
				CLANG_WARN__DUPLICATE_METHOD_MATCH = YES;
				COPY_PHASE_STRIP = NO;
				DEBUG_INFORMATION_FORMAT = "dwarf-with-dsym";
				ENABLE_NS_ASSERTIONS = NO;
				ENABLE_STRICT_OBJC_MSGSEND = YES;
				ENABLE_USER_SCRIPT_SANDBOXING = YES;
				GCC_C_LANGUAGE_STANDARD = gnu17;
				GCC_NO_COMMON_BLOCKS = YES;
				GCC_WARN_64_TO_32_BIT_CONVERSION = YES;
				GCC_WARN_ABOUT_RETURN_TYPE = YES_ERROR;
				GCC_WARN_UNDECLARED_SELECTOR = YES;
				GCC_WARN_UNINITIALIZED_AUTOS = YES_AGGRESSIVE;
				GCC_WARN_UNUSED_FUNCTION = YES;
				GCC_WARN_UNUSED_VARIABLE = YES;
				IPHONEOS_DEPLOYMENT_TARGET = 17.4;
				LOCALIZATION_PREFERS_STRING_CATALOGS = YES;
				MTL_ENABLE_DEBUG_INFO = NO;
				MTL_FAST_MATH = YES;
				SDKROOT = iphoneos;
				SWIFT_COMPILATION_MODE = wholemodule;
				VALIDATE_PRODUCT = YES;
			};
			name = Release;
		};
		0BC2697D2C670D3D005CDD0C /* Debug */ = {
			isa = XCBuildConfiguration;
			buildSettings = {
				ASSETCATALOG_COMPILER_APPICON_NAME = AppIcon;
				ASSETCATALOG_COMPILER_GLOBAL_ACCENT_COLOR_NAME = AccentColor;
				CODE_SIGN_IDENTITY = "Apple Development";
				CODE_SIGN_STYLE = Automatic;
				CURRENT_PROJECT_VERSION = 1;
				DEBUG_INFORMATION_FORMAT = "dwarf-with-dsym";
				DEVELOPMENT_TEAM = Y7F2ZW9QG3;
				GENERATE_INFOPLIST_FILE = YES;
				INFOPLIST_FILE = CatSlave/Info.plist;
				INFOPLIST_KEY_CFBundleDisplayName = "Cat Slave!";
				INFOPLIST_KEY_UIApplicationSupportsIndirectInputEvents = YES;
				INFOPLIST_KEY_UILaunchStoryboardName = LaunchScreen;
				INFOPLIST_KEY_UISupportedInterfaceOrientations_iPad = "UIInterfaceOrientationPortrait UIInterfaceOrientationPortraitUpsideDown UIInterfaceOrientationLandscapeLeft UIInterfaceOrientationLandscapeRight";
				INFOPLIST_KEY_UISupportedInterfaceOrientations_iPhone = "UIInterfaceOrientationPortrait UIInterfaceOrientationLandscapeLeft UIInterfaceOrientationLandscapeRight";
				IPHONEOS_DEPLOYMENT_TARGET = 14.0;
				LD_RUNPATH_SEARCH_PATHS = (
					"$(inherited)",
					"@executable_path/Frameworks",
				);
				MARKETING_VERSION = 1.0;
				PRODUCT_BUNDLE_IDENTIFIER = com.muskyoo.CatSlave;
				PRODUCT_NAME = "$(TARGET_NAME)";
				PROVISIONING_PROFILE_SPECIFIER = "";
				SUPPORTED_PLATFORMS = "iphoneos iphonesimulator";
				SUPPORTS_MACCATALYST = NO;
				SUPPORTS_MAC_DESIGNED_FOR_IPHONE_IPAD = NO;
				SUPPORTS_XR_DESIGNED_FOR_IPHONE_IPAD = NO;
				SWIFT_EMIT_LOC_STRINGS = YES;
				SWIFT_VERSION = 5.0;
				TARGETED_DEVICE_FAMILY = 1;
			};
			name = Debug;
		};
		0BC2697E2C670D3D005CDD0C /* Release */ = {
			isa = XCBuildConfiguration;
			buildSettings = {
				ASSETCATALOG_COMPILER_APPICON_NAME = AppIcon;
				ASSETCATALOG_COMPILER_GLOBAL_ACCENT_COLOR_NAME = AccentColor;
				CODE_SIGN_IDENTITY = "Apple Development";
				CODE_SIGN_STYLE = Automatic;
				CURRENT_PROJECT_VERSION = 1;
				DEVELOPMENT_TEAM = Y7F2ZW9QG3;
				GENERATE_INFOPLIST_FILE = YES;
				INFOPLIST_FILE = CatSlave/Info.plist;
				INFOPLIST_KEY_CFBundleDisplayName = "Cat Slave!";
				INFOPLIST_KEY_UIApplicationSupportsIndirectInputEvents = YES;
				INFOPLIST_KEY_UILaunchStoryboardName = LaunchScreen;
				INFOPLIST_KEY_UISupportedInterfaceOrientations_iPad = "UIInterfaceOrientationPortrait UIInterfaceOrientationPortraitUpsideDown UIInterfaceOrientationLandscapeLeft UIInterfaceOrientationLandscapeRight";
				INFOPLIST_KEY_UISupportedInterfaceOrientations_iPhone = "UIInterfaceOrientationPortrait UIInterfaceOrientationLandscapeLeft UIInterfaceOrientationLandscapeRight";
				IPHONEOS_DEPLOYMENT_TARGET = 14.0;
				LD_RUNPATH_SEARCH_PATHS = (
					"$(inherited)",
					"@executable_path/Frameworks",
				);
				MARKETING_VERSION = 1.0;
				PRODUCT_BUNDLE_IDENTIFIER = com.muskyoo.CatSlave;
				PRODUCT_NAME = "$(TARGET_NAME)";
				PROVISIONING_PROFILE_SPECIFIER = "";
				SUPPORTED_PLATFORMS = "iphoneos iphonesimulator";
				SUPPORTS_MACCATALYST = NO;
				SUPPORTS_MAC_DESIGNED_FOR_IPHONE_IPAD = NO;
				SUPPORTS_XR_DESIGNED_FOR_IPHONE_IPAD = NO;
				SWIFT_EMIT_LOC_STRINGS = YES;
				SWIFT_VERSION = 5.0;
				TARGETED_DEVICE_FAMILY = 1;
			};
			name = Release;
		};
/* End XCBuildConfiguration section */

/* Begin XCConfigurationList section */
		0BC2694D2C670D3C005CDD0C /* Build configuration list for PBXProject "CatSlave" */ = {
			isa = XCConfigurationList;
			buildConfigurations = (
				0BC2697A2C670D3D005CDD0C /* Debug */,
				0BC2697B2C670D3D005CDD0C /* Release */,
			);
			defaultConfigurationIsVisible = 0;
			defaultConfigurationName = Release;
		};
		0BC2697C2C670D3D005CDD0C /* Build configuration list for PBXNativeTarget "CatSlave" */ = {
			isa = XCConfigurationList;
			buildConfigurations = (
				0BC2697D2C670D3D005CDD0C /* Debug */,
				0BC2697E2C670D3D005CDD0C /* Release */,
			);
			defaultConfigurationIsVisible = 0;
			defaultConfigurationName = Release;
		};
/* End XCConfigurationList section */

/* Begin XCRemoteSwiftPackageReference section */
		0BC2698E2C670FB1005CDD0C /* XCRemoteSwiftPackageReference "Moya" */ = {
			isa = XCRemoteSwiftPackageReference;
			repositoryURL = "https://github.com/Moya/Moya.git";
			requirement = {
				kind = upToNextMajorVersion;
				minimumVersion = 15.0.3;
			};
		};
		0BC269B32C682B66005CDD0C /* XCRemoteSwiftPackageReference "firebase-ios-sdk" */ = {
			isa = XCRemoteSwiftPackageReference;
			repositoryURL = "https://github.com/firebase/firebase-ios-sdk";
			requirement = {
				kind = upToNextMajorVersion;
				minimumVersion = 11.0.0;
			};
		};
		0BC269C12C6894B8005CDD0C /* XCRemoteSwiftPackageReference "Kingfisher" */ = {
			isa = XCRemoteSwiftPackageReference;
			repositoryURL = "https://github.com/onevcat/Kingfisher.git";
			requirement = {
				kind = upToNextMajorVersion;
				minimumVersion = 7.12.0;
			};
		};
		0BF21B9B2C6DD41B0059A6A3 /* XCRemoteSwiftPackageReference "Viewrito" */ = {
			isa = XCRemoteSwiftPackageReference;
			repositoryURL = "https://github.com/mgdgc/Viewrito.git";
			requirement = {
				kind = upToNextMajorVersion;
				minimumVersion = 0.0.2;
			};
		};
		0BF5772C2C70D64A0037CAA2 /* XCRemoteSwiftPackageReference "IQKeyboardManager" */ = {
			isa = XCRemoteSwiftPackageReference;
			repositoryURL = "https://github.com/hackiftekhar/IQKeyboardManager.git";
			requirement = {
				kind = upToNextMajorVersion;
				minimumVersion = 7.1.1;
			};
		};
		0BF577482C7166CD0037CAA2 /* XCRemoteSwiftPackageReference "realm-swift" */ = {
			isa = XCRemoteSwiftPackageReference;
			repositoryURL = "https://github.com/realm/realm-swift.git";
			requirement = {
				kind = exactVersion;
				version = 10.33.0;
			};
		};
		0BF577642C71BBF60037CAA2 /* XCRemoteSwiftPackageReference "AlertToast" */ = {
			isa = XCRemoteSwiftPackageReference;
			repositoryURL = "https://github.com/elai950/AlertToast.git";
			requirement = {
				kind = exactVersion;
				version = 1.3.9;
			};
		};
/* End XCRemoteSwiftPackageReference section */

/* Begin XCSwiftPackageProductDependency section */
		0BC2698F2C670FB1005CDD0C /* CombineMoya */ = {
			isa = XCSwiftPackageProductDependency;
			package = 0BC2698E2C670FB1005CDD0C /* XCRemoteSwiftPackageReference "Moya" */;
			productName = CombineMoya;
		};
		0BC269912C670FB1005CDD0C /* Moya */ = {
			isa = XCSwiftPackageProductDependency;
			package = 0BC2698E2C670FB1005CDD0C /* XCRemoteSwiftPackageReference "Moya" */;
			productName = Moya;
		};
		0BC269B42C682B66005CDD0C /* FirebaseAnalyticsWithoutAdIdSupport */ = {
			isa = XCSwiftPackageProductDependency;
			package = 0BC269B32C682B66005CDD0C /* XCRemoteSwiftPackageReference "firebase-ios-sdk" */;
			productName = FirebaseAnalyticsWithoutAdIdSupport;
		};
		0BC269B62C682B66005CDD0C /* FirebaseCrashlytics */ = {
			isa = XCSwiftPackageProductDependency;
			package = 0BC269B32C682B66005CDD0C /* XCRemoteSwiftPackageReference "firebase-ios-sdk" */;
			productName = FirebaseCrashlytics;
		};
		0BC269B82C682B66005CDD0C /* FirebaseFirestore */ = {
			isa = XCSwiftPackageProductDependency;
			package = 0BC269B32C682B66005CDD0C /* XCRemoteSwiftPackageReference "firebase-ios-sdk" */;
			productName = FirebaseFirestore;
		};
		0BC269BA2C682B66005CDD0C /* FirebaseFirestoreCombine-Community */ = {
			isa = XCSwiftPackageProductDependency;
			package = 0BC269B32C682B66005CDD0C /* XCRemoteSwiftPackageReference "firebase-ios-sdk" */;
			productName = "FirebaseFirestoreCombine-Community";
		};
		0BC269C22C6894B8005CDD0C /* Kingfisher */ = {
			isa = XCSwiftPackageProductDependency;
			package = 0BC269C12C6894B8005CDD0C /* XCRemoteSwiftPackageReference "Kingfisher" */;
			productName = Kingfisher;
		};
		0BF21B9C2C6DD41B0059A6A3 /* Viewrito */ = {
			isa = XCSwiftPackageProductDependency;
			package = 0BF21B9B2C6DD41B0059A6A3 /* XCRemoteSwiftPackageReference "Viewrito" */;
			productName = Viewrito;
		};
		0BF5772D2C70D64A0037CAA2 /* IQKeyboardManagerSwift */ = {
			isa = XCSwiftPackageProductDependency;
			package = 0BF5772C2C70D64A0037CAA2 /* XCRemoteSwiftPackageReference "IQKeyboardManager" */;
			productName = IQKeyboardManagerSwift;
		};
		0BF577492C7166CD0037CAA2 /* Realm */ = {
			isa = XCSwiftPackageProductDependency;
			package = 0BF577482C7166CD0037CAA2 /* XCRemoteSwiftPackageReference "realm-swift" */;
			productName = Realm;
		};
		0BF5774B2C7166CD0037CAA2 /* RealmSwift */ = {
			isa = XCSwiftPackageProductDependency;
			package = 0BF577482C7166CD0037CAA2 /* XCRemoteSwiftPackageReference "realm-swift" */;
			productName = RealmSwift;
		};
		0BF577652C71BBF60037CAA2 /* AlertToast */ = {
			isa = XCSwiftPackageProductDependency;
			package = 0BF577642C71BBF60037CAA2 /* XCRemoteSwiftPackageReference "AlertToast" */;
			productName = AlertToast;
		};
/* End XCSwiftPackageProductDependency section */
	};
	rootObject = 0BC2694A2C670D3C005CDD0C /* Project object */;
}
